
Microsoft Visual Studio Solution File, Format Version 12.00
# Visual Studio Version 16
VisualStudioVersion = 16.0.33214.272
MinimumVisualStudioVersion = 10.0.40219.1
Project("{9A19103F-16F7-4668-BE54-9A1E7A4F7556}") = "OpenTap.Plugins.PNAX", "OpenTap.Plugins.PNAX\OpenTap.Plugins.PNAX.csproj", "{79A83C04-A4ED-4C15-8B3F-4B517B4CF75D}"
EndProject
Project("{FAE04EC0-301F-11D3-BF4B-00C04F79EFBC}") = "TestPlanGenerator", "TestPlanGenerator\TestPlanGenerator.csproj", "{9175898F-1599-42D5-802F-F469AC4EE862}"
EndProject
Global
	GlobalSection(SolutionConfigurationPlatforms) = preSolution
		Debug|Any CPU = Debug|Any CPU
		Release|Any CPU = Release|Any CPU
	EndGlobalSection
	GlobalSection(ProjectConfigurationPlatforms) = postSolution
		{79A83C04-A4ED-4C15-8B3F-4B517B4CF75D}.Debug|Any CPU.ActiveCfg = Debug|Any CPU
		{79A83C04-A4ED-4C15-8B3F-4B517B4CF75D}.Debug|Any CPU.Build.0 = Debug|Any CPU
		{79A83C04-A4ED-4C15-8B3F-4B517B4CF75D}.Release|Any CPU.ActiveCfg = Release|Any CPU
		{79A83C04-A4ED-4C15-8B3F-4B517B4CF75D}.Release|Any CPU.Build.0 = Release|Any CPU
		{9175898F-1599-42D5-802F-F469AC4EE862}.Debug|Any CPU.ActiveCfg = Debug|Any CPU
		{9175898F-1599-42D5-802F-F469AC4EE862}.Debug|Any CPU.Build.0 = Debug|Any CPU
		{9175898F-1599-42D5-802F-F469AC4EE862}.Release|Any CPU.ActiveCfg = Release|Any CPU
		{9175898F-1599-42D5-802F-F469AC4EE862}.Release|Any CPU.Build.0 = Release|Any CPU
	EndGlobalSection
	GlobalSection(SolutionProperties) = preSolution
		HideSolutionNode = FALSE
	EndGlobalSection
	GlobalSection(ExtensibilityGlobals) = postSolution
		SolutionGuid = {48B48FEC-D909-44DB-85BD-44184DB3B4D4}
	EndGlobalSection
EndGlobal
